// !$*UTF8*$!
{
	archiveVersion = 1;
	classes = {
	};
	objectVersion = 50;
	objects = {

/* Begin PBXBuildFile section */
		372288BF25E7A113000CDE8A /* Localizable.strings in Resources */ = {isa = PBXBuildFile; fileRef = 372288C125E7A113000CDE8A /* Localizable.strings */; };
		3772F3C3255445F70027C236 /* AppDelegate.swift in Sources */ = {isa = PBXBuildFile; fileRef = 3772F3C2255445F70027C236 /* AppDelegate.swift */; };
		3772F3C5255445F70027C236 /* SceneDelegate.swift in Sources */ = {isa = PBXBuildFile; fileRef = 3772F3C4255445F70027C236 /* SceneDelegate.swift */; };
		3772F3C7255445F70027C236 /* ContentView.swift in Sources */ = {isa = PBXBuildFile; fileRef = 3772F3C6255445F70027C236 /* ContentView.swift */; };
		3772F3C9255445F80027C236 /* Assets.xcassets in Resources */ = {isa = PBXBuildFile; fileRef = 3772F3C8255445F80027C236 /* Assets.xcassets */; };
		3772F3CC255445F80027C236 /* Preview Assets.xcassets in Resources */ = {isa = PBXBuildFile; fileRef = 3772F3CB255445F80027C236 /* Preview Assets.xcassets */; };
		3772F3CF255445F80027C236 /* LaunchScreen.storyboard in Resources */ = {isa = PBXBuildFile; fileRef = 3772F3CD255445F80027C236 /* LaunchScreen.storyboard */; };
		3772F3DC255446F00027C236 /* BoutonLance.swift in Sources */ = {isa = PBXBuildFile; fileRef = 3772F3DB255446F00027C236 /* BoutonLance.swift */; };
		3772F3DF2554473F0027C236 /* MecaniqueDe.swift in Sources */ = {isa = PBXBuildFile; fileRef = 3772F3DE2554473F0027C236 /* MecaniqueDe.swift */; };
		378F021A258FEA58007B3130 /* JouerSon.swift in Sources */ = {isa = PBXBuildFile; fileRef = 378F0219258FEA58007B3130 /* JouerSon.swift */; };
		378F021E258FEAF8007B3130 /* desquiroulent.mp3 in Resources */ = {isa = PBXBuildFile; fileRef = 378F021D258FEAF8007B3130 /* desquiroulent.mp3 */; };
/* End PBXBuildFile section */

/* Begin PBXFileReference section */
		372288BA25E79E8B000CDE8A /* fr */ = {isa = PBXFileReference; lastKnownFileType = text.plist.strings; name = fr; path = fr.lproj/LaunchScreen.strings; sourceTree = "<group>"; };
		372288C025E7A113000CDE8A /* en */ = {isa = PBXFileReference; lastKnownFileType = text.plist.strings; name = en; path = en.lproj/Localizable.strings; sourceTree = "<group>"; };
		372288C325E7A11D000CDE8A /* fr */ = {isa = PBXFileReference; lastKnownFileType = text.plist.strings; name = fr; path = fr.lproj/Localizable.strings; sourceTree = "<group>"; };
		3772F3BF255445F70027C236 /* SecouerDes.app */ = {isa = PBXFileReference; explicitFileType = wrapper.application; includeInIndex = 0; path = SecouerDes.app; sourceTree = BUILT_PRODUCTS_DIR; };
		3772F3C2255445F70027C236 /* AppDelegate.swift */ = {isa = PBXFileReference; lastKnownFileType = sourcecode.swift; path = AppDelegate.swift; sourceTree = "<group>"; };
		3772F3C4255445F70027C236 /* SceneDelegate.swift */ = {isa = PBXFileReference; lastKnownFileType = sourcecode.swift; path = SceneDelegate.swift; sourceTree = "<group>"; };
		3772F3C6255445F70027C236 /* ContentView.swift */ = {isa = PBXFileReference; lastKnownFileType = sourcecode.swift; path = ContentView.swift; sourceTree = "<group>"; };
		3772F3C8255445F80027C236 /* Assets.xcassets */ = {isa = PBXFileReference; lastKnownFileType = folder.assetcatalog; path = Assets.xcassets; sourceTree = "<group>"; };
		3772F3CB255445F80027C236 /* Preview Assets.xcassets */ = {isa = PBXFileReference; lastKnownFileType = folder.assetcatalog; path = "Preview Assets.xcassets"; sourceTree = "<group>"; };
		3772F3CE255445F80027C236 /* Base */ = {isa = PBXFileReference; lastKnownFileType = file.storyboard; name = Base; path = Base.lproj/LaunchScreen.storyboard; sourceTree = "<group>"; };
		3772F3D0255445F80027C236 /* Info.plist */ = {isa = PBXFileReference; lastKnownFileType = text.plist.xml; path = Info.plist; sourceTree = "<group>"; };
		3772F3DB255446F00027C236 /* BoutonLance.swift */ = {isa = PBXFileReference; lastKnownFileType = sourcecode.swift; path = BoutonLance.swift; sourceTree = "<group>"; };
		3772F3DE2554473F0027C236 /* MecaniqueDe.swift */ = {isa = PBXFileReference; lastKnownFileType = sourcecode.swift; path = MecaniqueDe.swift; sourceTree = "<group>"; };
		378F0219258FEA58007B3130 /* JouerSon.swift */ = {isa = PBXFileReference; fileEncoding = 4; lastKnownFileType = sourcecode.swift; path = JouerSon.swift; sourceTree = "<group>"; };
		378F021D258FEAF8007B3130 /* desquiroulent.mp3 */ = {isa = PBXFileReference; lastKnownFileType = audio.mp3; path = desquiroulent.mp3; sourceTree = "<group>"; };
/* End PBXFileReference section */

/* Begin PBXFrameworksBuildPhase section */
		3772F3BC255445F70027C236 /* Frameworks */ = {
			isa = PBXFrameworksBuildPhase;
			buildActionMask = 2147483647;
			files = (
			);
			runOnlyForDeploymentPostprocessing = 0;
		};
/* End PBXFrameworksBuildPhase section */

/* Begin PBXGroup section */
		3714CB2C25E7B36000ACB6CA /* Vues */ = {
			isa = PBXGroup;
			children = (
				3772F3DB255446F00027C236 /* BoutonLance.swift */,
			);
			path = Vues;
			sourceTree = "<group>";
		};
		3714CB2D25E7B3BD00ACB6CA /* Modele */ = {
			isa = PBXGroup;
			children = (
				378F0219258FEA58007B3130 /* JouerSon.swift */,
				3772F3DE2554473F0027C236 /* MecaniqueDe.swift */,
			);
			path = Modele;
			sourceTree = "<group>";
		};
		3714CB2E25E7B41700ACB6CA /* Controleur */ = {
			isa = PBXGroup;
			children = (
				3772F3C4255445F70027C236 /* SceneDelegate.swift */,
				3772F3C6255445F70027C236 /* ContentView.swift */,
			);
			path = Controleur;
			sourceTree = "<group>";
		};
		3772F3B6255445F70027C236 = {
			isa = PBXGroup;
			children = (
				3772F3C1255445F70027C236 /* SecouerDes */,
				3772F3C0255445F70027C236 /* Products */,
			);
			sourceTree = "<group>";
		};
		3772F3C0255445F70027C236 /* Products */ = {
			isa = PBXGroup;
			children = (
				3772F3BF255445F70027C236 /* SecouerDes.app */,
			);
			name = Products;
			sourceTree = "<group>";
		};
		3772F3C1255445F70027C236 /* SecouerDes */ = {
			isa = PBXGroup;
			children = (
				3772F3C2255445F70027C236 /* AppDelegate.swift */,
				378F021C258FEADA007B3130 /* Son */,
				3714CB2C25E7B36000ACB6CA /* Vues */,
				3714CB2E25E7B41700ACB6CA /* Controleur */,
				372288C125E7A113000CDE8A /* Localizable.strings */,
				3714CB2D25E7B3BD00ACB6CA /* Modele */,
				3772F3C8255445F80027C236 /* Assets.xcassets */,
				3772F3CD255445F80027C236 /* LaunchScreen.storyboard */,
				3772F3D0255445F80027C236 /* Info.plist */,
				3772F3CA255445F80027C236 /* Preview Content */,
			);
			path = SecouerDes;
			sourceTree = "<group>";
		};
		3772F3CA255445F80027C236 /* Preview Content */ = {
			isa = PBXGroup;
			children = (
				3772F3CB255445F80027C236 /* Preview Assets.xcassets */,
			);
			path = "Preview Content";
			sourceTree = "<group>";
		};
		378F021C258FEADA007B3130 /* Son */ = {
			isa = PBXGroup;
			children = (
				378F021D258FEAF8007B3130 /* desquiroulent.mp3 */,
			);
			path = Son;
			sourceTree = "<group>";
		};
/* End PBXGroup section */

/* Begin PBXNativeTarget section */
		3772F3BE255445F70027C236 /* SecouerDes */ = {
			isa = PBXNativeTarget;
			buildConfigurationList = 3772F3D3255445F80027C236 /* Build configuration list for PBXNativeTarget "SecouerDes" */;
			buildPhases = (
				3772F3BB255445F70027C236 /* Sources */,
				3772F3BC255445F70027C236 /* Frameworks */,
				3772F3BD255445F70027C236 /* Resources */,
			);
			buildRules = (
			);
			dependencies = (
			);
			name = SecouerDes;
			productName = SecouerDes;
			productReference = 3772F3BF255445F70027C236 /* SecouerDes.app */;
			productType = "com.apple.product-type.application";
		};
/* End PBXNativeTarget section */

/* Begin PBXProject section */
		3772F3B7255445F70027C236 /* Project object */ = {
			isa = PBXProject;
			attributes = {
				LastSwiftUpdateCheck = 1210;
				LastUpgradeCheck = 1210;
				TargetAttributes = {
					3772F3BE255445F70027C236 = {
						CreatedOnToolsVersion = 12.1;
					};
				};
			};
			buildConfigurationList = 3772F3BA255445F70027C236 /* Build configuration list for PBXProject "SecouerDes" */;
			compatibilityVersion = "Xcode 9.3";
			developmentRegion = en;
			hasScannedForEncodings = 0;
			knownRegions = (
				en,
				Base,
				fr,
			);
			mainGroup = 3772F3B6255445F70027C236;
			productRefGroup = 3772F3C0255445F70027C236 /* Products */;
			projectDirPath = "";
			projectRoot = "";
			targets = (
				3772F3BE255445F70027C236 /* SecouerDes */,
			);
		};
/* End PBXProject section */

/* Begin PBXResourcesBuildPhase section */
		3772F3BD255445F70027C236 /* Resources */ = {
			isa = PBXResourcesBuildPhase;
			buildActionMask = 2147483647;
			files = (
				3772F3CF255445F80027C236 /* LaunchScreen.storyboard in Resources */,
				3772F3CC255445F80027C236 /* Preview Assets.xcassets in Resources */,
				372288BF25E7A113000CDE8A /* Localizable.strings in Resources */,
				3772F3C9255445F80027C236 /* Assets.xcassets in Resources */,
				378F021E258FEAF8007B3130 /* desquiroulent.mp3 in Resources */,
			);
			runOnlyForDeploymentPostprocessing = 0;
		};
/* End PBXResourcesBuildPhase section */

/* Begin PBXSourcesBuildPhase section */
		3772F3BB255445F70027C236 /* Sources */ = {
			isa = PBXSourcesBuildPhase;
			buildActionMask = 2147483647;
			files = (
				378F021A258FEA58007B3130 /* JouerSon.swift in Sources */,
				3772F3C3255445F70027C236 /* AppDelegate.swift in Sources */,
				3772F3C5255445F70027C236 /* SceneDelegate.swift in Sources */,
				3772F3DF2554473F0027C236 /* MecaniqueDe.swift in Sources */,
				3772F3DC255446F00027C236 /* BoutonLance.swift in Sources */,
				3772F3C7255445F70027C236 /* ContentView.swift in Sources */,
			);
			runOnlyForDeploymentPostprocessing = 0;
		};
/* End PBXSourcesBuildPhase section */

/* Begin PBXVariantGroup section */
		372288C125E7A113000CDE8A /* Localizable.strings */ = {
			isa = PBXVariantGroup;
			children = (
				372288C025E7A113000CDE8A /* en */,
				372288C325E7A11D000CDE8A /* fr */,
			);
			name = Localizable.strings;
			sourceTree = "<group>";
		};
		3772F3CD255445F80027C236 /* LaunchScreen.storyboard */ = {
			isa = PBXVariantGroup;
			children = (
				3772F3CE255445F80027C236 /* Base */,
				372288BA25E79E8B000CDE8A /* fr */,
			);
			name = LaunchScreen.storyboard;
			sourceTree = "<group>";
		};
/* End PBXVariantGroup section */

/* Begin XCBuildConfiguration section */
		3772F3D1255445F80027C236 /* Debug */ = {
			isa = XCBuildConfiguration;
			buildSettings = {
				ALWAYS_SEARCH_USER_PATHS = NO;
				CLANG_ANALYZER_LOCALIZABILITY_NONLOCALIZED = YES;
				CLANG_ANALYZER_NONNULL = YES;
				CLANG_ANALYZER_NUMBER_OBJECT_CONVERSION = YES_AGGRESSIVE;
				CLANG_CXX_LANGUAGE_STANDARD = "gnu++14";
				CLANG_CXX_LIBRARY = "libc++";
				CLANG_ENABLE_MODULES = YES;
				CLANG_ENABLE_OBJC_ARC = YES;
				CLANG_ENABLE_OBJC_WEAK = YES;
				CLANG_WARN_BLOCK_CAPTURE_AUTORELEASING = YES;
				CLANG_WARN_BOOL_CONVERSION = YES;
				CLANG_WARN_COMMA = YES;
				CLANG_WARN_CONSTANT_CONVERSION = YES;
				CLANG_WARN_DEPRECATED_OBJC_IMPLEMENTATIONS = YES;
				CLANG_WARN_DIRECT_OBJC_ISA_USAGE = YES_ERROR;
				CLANG_WARN_DOCUMENTATION_COMMENTS = YES;
				CLANG_WARN_EMPTY_BODY = YES;
				CLANG_WARN_ENUM_CONVERSION = YES;
				CLANG_WARN_INFINITE_RECURSION = YES;
				CLANG_WARN_INT_CONVERSION = YES;
				CLANG_WARN_NON_LITERAL_NULL_CONVERSION = YES;
				CLANG_WARN_OBJC_IMPLICIT_RETAIN_SELF = YES;
				CLANG_WARN_OBJC_LITERAL_CONVERSION = YES;
				CLANG_WARN_OBJC_ROOT_CLASS = YES_ERROR;
				CLANG_WARN_QUOTED_INCLUDE_IN_FRAMEWORK_HEADER = YES;
				CLANG_WARN_RANGE_LOOP_ANALYSIS = YES;
				CLANG_WARN_STRICT_PROTOTYPES = YES;
				CLANG_WARN_SUSPICIOUS_MOVE = YES;
				CLANG_WARN_UNGUARDED_AVAILABILITY = YES_AGGRESSIVE;
				CLANG_WARN_UNREACHABLE_CODE = YES;
				CLANG_WARN__DUPLICATE_METHOD_MATCH = YES;
				COPY_PHASE_STRIP = NO;
				DEBUG_INFORMATION_FORMAT = dwarf;
				ENABLE_STRICT_OBJC_MSGSEND = YES;
				ENABLE_TESTABILITY = YES;
				GCC_C_LANGUAGE_STANDARD = gnu11;
				GCC_DYNAMIC_NO_PIC = NO;
				GCC_NO_COMMON_BLOCKS = YES;
				GCC_OPTIMIZATION_LEVEL = 0;
				GCC_PREPROCESSOR_DEFINITIONS = (
					"DEBUG=1",
					"$(inherited)",
				);
				GCC_WARN_64_TO_32_BIT_CONVERSION = YES;
				GCC_WARN_ABOUT_RETURN_TYPE = YES_ERROR;
				GCC_WARN_UNDECLARED_SELECTOR = YES;
				GCC_WARN_UNINITIALIZED_AUTOS = YES_AGGRESSIVE;
				GCC_WARN_UNUSED_FUNCTION = YES;
				GCC_WARN_UNUSED_VARIABLE = YES;
				IPHONEOS_DEPLOYMENT_TARGET = 14.1;
				MTL_ENABLE_DEBUG_INFO = INCLUDE_SOURCE;
				MTL_FAST_MATH = YES;
				ONLY_ACTIVE_ARCH = YES;
				SDKROOT = iphoneos;
				SWIFT_ACTIVE_COMPILATION_CONDITIONS = DEBUG;
				SWIFT_OPTIMIZATION_LEVEL = "-Onone";
			};
			name = Debug;
		};
		3772F3D2255445F80027C236 /* Release */ = {
			isa = XCBuildConfiguration;
			buildSettings = {
				ALWAYS_SEARCH_USER_PATHS = NO;
				CLANG_ANALYZER_LOCALIZABILITY_NONLOCALIZED = YES;
				CLANG_ANALYZER_NONNULL = YES;
				CLANG_ANALYZER_NUMBER_OBJECT_CONVERSION = YES_AGGRESSIVE;
				CLANG_CXX_LANGUAGE_STANDARD = "gnu++14";
				CLANG_CXX_LIBRARY = "libc++";
				CLANG_ENABLE_MODULES = YES;
				CLANG_ENABLE_OBJC_ARC = YES;
				CLANG_ENABLE_OBJC_WEAK = YES;
				CLANG_WARN_BLOCK_CAPTURE_AUTORELEASING = YES;
				CLANG_WARN_BOOL_CONVERSION = YES;
				CLANG_WARN_COMMA = YES;
				CLANG_WARN_CONSTANT_CONVERSION = YES;
				CLANG_WARN_DEPRECATED_OBJC_IMPLEMENTATIONS = YES;
				CLANG_WARN_DIRECT_OBJC_ISA_USAGE = YES_ERROR;
				CLANG_WARN_DOCUMENTATION_COMMENTS = YES;
				CLANG_WARN_EMPTY_BODY = YES;
				CLANG_WARN_ENUM_CONVERSION = YES;
				CLANG_WARN_INFINITE_RECURSION = YES;
				CLANG_WARN_INT_CONVERSION = YES;
				CLANG_WARN_NON_LITERAL_NULL_CONVERSION = YES;
				CLANG_WARN_OBJC_IMPLICIT_RETAIN_SELF = YES;
				CLANG_WARN_OBJC_LITERAL_CONVERSION = YES;
				CLANG_WARN_OBJC_ROOT_CLASS = YES_ERROR;
				CLANG_WARN_QUOTED_INCLUDE_IN_FRAMEWORK_HEADER = YES;
				CLANG_WARN_RANGE_LOOP_ANALYSIS = YES;
				CLANG_WARN_STRICT_PROTOTYPES = YES;
				CLANG_WARN_SUSPICIOUS_MOVE = YES;
				CLANG_WARN_UNGUARDED_AVAILABILITY = YES_AGGRESSIVE;
				CLANG_WARN_UNREACHABLE_CODE = YES;
				CLANG_WARN__DUPLICATE_METHOD_MATCH = YES;
				COPY_PHASE_STRIP = NO;
				DEBUG_INFORMATION_FORMAT = "dwarf-with-dsym";
				ENABLE_NS_ASSERTIONS = NO;
				ENABLE_STRICT_OBJC_MSGSEND = YES;
				GCC_C_LANGUAGE_STANDARD = gnu11;
				GCC_NO_COMMON_BLOCKS = YES;
				GCC_WARN_64_TO_32_BIT_CONVERSION = YES;
				GCC_WARN_ABOUT_RETURN_TYPE = YES_ERROR;
				GCC_WARN_UNDECLARED_SELECTOR = YES;
				GCC_WARN_UNINITIALIZED_AUTOS = YES_AGGRESSIVE;
				GCC_WARN_UNUSED_FUNCTION = YES;
				GCC_WARN_UNUSED_VARIABLE = YES;
				IPHONEOS_DEPLOYMENT_TARGET = 14.1;
				MTL_ENABLE_DEBUG_INFO = NO;
				MTL_FAST_MATH = YES;
				SDKROOT = iphoneos;
				SWIFT_COMPILATION_MODE = wholemodule;
				SWIFT_OPTIMIZATION_LEVEL = "-O";
				VALIDATE_PRODUCT = YES;
			};
			name = Release;
		};
		3772F3D4255445F80027C236 /* Debug */ = {
			isa = XCBuildConfiguration;
			buildSettings = {
				ASSETCATALOG_COMPILER_APPICON_NAME = AppIcon;
				ASSETCATALOG_COMPILER_GLOBAL_ACCENT_COLOR_NAME = AccentColor;
				CODE_SIGN_STYLE = Automatic;
				DEVELOPMENT_ASSET_PATHS = "\"SecouerDes/Preview Content\"";
				DEVELOPMENT_TEAM = UGQ4YS2NK3;
				ENABLE_PREVIEWS = YES;
				INFOPLIST_FILE = SecouerDes/Info.plist;
				LD_RUNPATH_SEARCH_PATHS = (
					"$(inherited)",
					"@executable_path/Frameworks",
				);
				PRODUCT_BUNDLE_IDENTIFIER = com.titastus.SecouerDes;
				PRODUCT_NAME = "$(TARGET_NAME)";
				SWIFT_VERSION = 5.0;
				TARGETED_DEVICE_FAMILY = "1,2";
			};
			name = Debug;
		};
		3772F3D5255445F80027C236 /* Release */ = {
			isa = XCBuildConfiguration;
			buildSettings = {
				ASSETCATALOG_COMPILER_APPICON_NAME = AppIcon;
				ASSETCATALOG_COMPILER_GLOBAL_ACCENT_COLOR_NAME = AccentColor;
				CODE_SIGN_STYLE = Automatic;
				DEVELOPMENT_ASSET_PATHS = "\"SecouerDes/Preview Content\"";
				DEVELOPMENT_TEAM = UGQ4YS2NK3;
				ENABLE_PREVIEWS = YES;
				INFOPLIST_FILE = SecouerDes/Info.plist;
				LD_RUNPATH_SEARCH_PATHS = (
					"$(inherited)",
					"@executable_path/Frameworks",
				);
				PRODUCT_BUNDLE_IDENTIFIER = com.titastus.SecouerDes;
				PRODUCT_NAME = "$(TARGET_NAME)";
				SWIFT_VERSION = 5.0;
				TARGETED_DEVICE_FAMILY = "1,2";
			};
			name = Release;
		};
/* End XCBuildConfiguration section */

/* Begin XCConfigurationList section */
		3772F3BA255445F70027C236 /* Build configuration list for PBXProject "SecouerDes" */ = {
			isa = XCConfigurationList;
			buildConfigurations = (
				3772F3D1255445F80027C236 /* Debug */,
				3772F3D2255445F80027C236 /* Release */,
			);
			defaultConfigurationIsVisible = 0;
			defaultConfigurationName = Release;
		};
		3772F3D3255445F80027C236 /* Build configuration list for PBXNativeTarget "SecouerDes" */ = {
			isa = XCConfigurationList;
			buildConfigurations = (
				3772F3D4255445F80027C236 /* Debug */,
				3772F3D5255445F80027C236 /* Release */,
			);
			defaultConfigurationIsVisible = 0;
			defaultConfigurationName = Release;
		};
/* End XCConfigurationList section */
	};
	rootObject = 3772F3B7255445F70027C236 /* Project object */;
}
